
Microsoft Visual Studio Solution File, Format Version 12.00
# Visual Studio Version 16
VisualStudioVersion = 16.0.33027.164
MinimumVisualStudioVersion = 10.0.40219.1
Project("{FAE04EC0-301F-11D3-BF4B-00C04F79EFBC}") = "TugasKalkulator", "TugasKalkulator\TugasKalkulator.csproj", "{588EC377-0745-45ED-A145-6DE3FEBA66A7}"
EndProject
Global
	GlobalSection(SolutionConfigurationPlatforms) = preSolution
		Debug|Any CPU = Debug|Any CPU
		Release|Any CPU = Release|Any CPU
	EndGlobalSection
	GlobalSection(ProjectConfigurationPlatforms) = postSolution
		{588EC377-0745-45ED-A145-6DE3FEBA66A7}.Debug|Any CPU.ActiveCfg = Debug|Any CPU
		{588EC377-0745-45ED-A145-6DE3FEBA66A7}.Debug|Any CPU.Build.0 = Debug|Any CPU
		{588EC377-0745-45ED-A145-6DE3FEBA66A7}.Release|Any CPU.ActiveCfg = Release|Any CPU
		{588EC377-0745-45ED-A145-6DE3FEBA66A7}.Release|Any CPU.Build.0 = Release|Any CPU
	EndGlobalSection
	GlobalSection(SolutionProperties) = preSolution
		HideSolutionNode = FALSE
	EndGlobalSection
	GlobalSection(ExtensibilityGlobals) = postSolution
		SolutionGuid = {E5C8F2D9-F400-466B-909E-43D11FD71190}
	EndGlobalSection
EndGlobal
